
Microsoft Visual Studio Solution File, Format Version 12.00
# Visual Studio 15
VisualStudioVersion = 15.0.26730.15
MinimumVisualStudioVersion = 10.0.40219.1
Project("{FAE04EC0-301F-11D3-BF4B-00C04F79EFBC}") = "TractorsPrismUnityApp", "TractorsPrismUnityApp\TractorsPrismUnityApp\TractorsPrismUnityApp.csproj", "{5B5CA291-C56F-43FA-9ACB-27AD025650C7}"
EndProject
Project("{FAE04EC0-301F-11D3-BF4B-00C04F79EFBC}") = "TractorsPrismUnityApp.Droid", "TractorsPrismUnityApp\TractorsPrismUnityApp.Droid\TractorsPrismUnityApp.Droid.csproj", "{0BD9C6B9-CCAC-49C2-AB3F-58AF7468C324}"
EndProject
Project("{FAE04EC0-301F-11D3-BF4B-00C04F79EFBC}") = "TractorsPrismUnityApp.iOS", "TractorsPrismUnityApp\TractorsPrismUnityApp.iOS\TractorsPrismUnityApp.iOS.csproj", "{FBA6EE7A-E840-41D3-8EED-FA4D078DF8D8}"
EndProject
Project("{FAE04EC0-301F-11D3-BF4B-00C04F79EFBC}") = "TractorsPrismUnityApp.UWP", "TractorsPrismUnityApp\TractorsPrismUnityApp.UWP\TractorsPrismUnityApp.UWP.csproj", "{D0D11802-A552-4803-ACAE-872002F0A411}"
EndProject
Global
	GlobalSection(SolutionConfigurationPlatforms) = preSolution
		Ad-Hoc|Any CPU = Ad-Hoc|Any CPU
		Ad-Hoc|ARM = Ad-Hoc|ARM
		Ad-Hoc|iPhone = Ad-Hoc|iPhone
		Ad-Hoc|iPhoneSimulator = Ad-Hoc|iPhoneSimulator
		Ad-Hoc|x64 = Ad-Hoc|x64
		Ad-Hoc|x86 = Ad-Hoc|x86
		AppStore|Any CPU = AppStore|Any CPU
		AppStore|ARM = AppStore|ARM
		AppStore|iPhone = AppStore|iPhone
		AppStore|iPhoneSimulator = AppStore|iPhoneSimulator
		AppStore|x64 = AppStore|x64
		AppStore|x86 = AppStore|x86
		Debug|Any CPU = Debug|Any CPU
		Debug|ARM = Debug|ARM
		Debug|iPhone = Debug|iPhone
		Debug|iPhoneSimulator = Debug|iPhoneSimulator
		Debug|x64 = Debug|x64
		Debug|x86 = Debug|x86
		Release|Any CPU = Release|Any CPU
		Release|ARM = Release|ARM
		Release|iPhone = Release|iPhone
		Release|iPhoneSimulator = Release|iPhoneSimulator
		Release|x64 = Release|x64
		Release|x86 = Release|x86
	EndGlobalSection
	GlobalSection(ProjectConfigurationPlatforms) = postSolution
		{5B5CA291-C56F-43FA-9ACB-27AD025650C7}.Ad-Hoc|Any CPU.ActiveCfg = Release|Any CPU
		{5B5CA291-C56F-43FA-9ACB-27AD025650C7}.Ad-Hoc|Any CPU.Build.0 = Release|Any CPU
		{5B5CA291-C56F-43FA-9ACB-27AD025650C7}.Ad-Hoc|ARM.ActiveCfg = Release|Any CPU
		{5B5CA291-C56F-43FA-9ACB-27AD025650C7}.Ad-Hoc|ARM.Build.0 = Release|Any CPU
		{5B5CA291-C56F-43FA-9ACB-27AD025650C7}.Ad-Hoc|iPhone.ActiveCfg = Release|Any CPU
		{5B5CA291-C56F-43FA-9ACB-27AD025650C7}.Ad-Hoc|iPhone.Build.0 = Release|Any CPU
		{5B5CA291-C56F-43FA-9ACB-27AD025650C7}.Ad-Hoc|iPhoneSimulator.ActiveCfg = Release|Any CPU
		{5B5CA291-C56F-43FA-9ACB-27AD025650C7}.Ad-Hoc|iPhoneSimulator.Build.0 = Release|Any CPU
		{5B5CA291-C56F-43FA-9ACB-27AD025650C7}.Ad-Hoc|x64.ActiveCfg = Release|Any CPU
		{5B5CA291-C56F-43FA-9ACB-27AD025650C7}.Ad-Hoc|x64.Build.0 = Release|Any CPU
		{5B5CA291-C56F-43FA-9ACB-27AD025650C7}.Ad-Hoc|x86.ActiveCfg = Release|Any CPU
		{5B5CA291-C56F-43FA-9ACB-27AD025650C7}.Ad-Hoc|x86.Build.0 = Release|Any CPU
		{5B5CA291-C56F-43FA-9ACB-27AD025650C7}.AppStore|Any CPU.ActiveCfg = Release|Any CPU
		{5B5CA291-C56F-43FA-9ACB-27AD025650C7}.AppStore|Any CPU.Build.0 = Release|Any CPU
		{5B5CA291-C56F-43FA-9ACB-27AD025650C7}.AppStore|ARM.ActiveCfg = Release|Any CPU
		{5B5CA291-C56F-43FA-9ACB-27AD025650C7}.AppStore|ARM.Build.0 = Release|Any CPU
		{5B5CA291-C56F-43FA-9ACB-27AD025650C7}.AppStore|iPhone.ActiveCfg = Release|Any CPU
		{5B5CA291-C56F-43FA-9ACB-27AD025650C7}.AppStore|iPhone.Build.0 = Release|Any CPU
		{5B5CA291-C56F-43FA-9ACB-27AD025650C7}.AppStore|iPhoneSimulator.ActiveCfg = Release|Any CPU
		{5B5CA291-C56F-43FA-9ACB-27AD025650C7}.AppStore|iPhoneSimulator.Build.0 = Release|Any CPU
		{5B5CA291-C56F-43FA-9ACB-27AD025650C7}.AppStore|x64.ActiveCfg = Release|Any CPU
		{5B5CA291-C56F-43FA-9ACB-27AD025650C7}.AppStore|x64.Build.0 = Release|Any CPU
		{5B5CA291-C56F-43FA-9ACB-27AD025650C7}.AppStore|x86.ActiveCfg = Release|Any CPU
		{5B5CA291-C56F-43FA-9ACB-27AD025650C7}.AppStore|x86.Build.0 = Release|Any CPU
		{5B5CA291-C56F-43FA-9ACB-27AD025650C7}.Debug|Any CPU.ActiveCfg = Debug|Any CPU
		{5B5CA291-C56F-43FA-9ACB-27AD025650C7}.Debug|Any CPU.Build.0 = Debug|Any CPU
		{5B5CA291-C56F-43FA-9ACB-27AD025650C7}.Debug|ARM.ActiveCfg = Debug|Any CPU
		{5B5CA291-C56F-43FA-9ACB-27AD025650C7}.Debug|ARM.Build.0 = Debug|Any CPU
		{5B5CA291-C56F-43FA-9ACB-27AD025650C7}.Debug|iPhone.ActiveCfg = Debug|Any CPU
		{5B5CA291-C56F-43FA-9ACB-27AD025650C7}.Debug|iPhone.Build.0 = Debug|Any CPU
		{5B5CA291-C56F-43FA-9ACB-27AD025650C7}.Debug|iPhoneSimulator.ActiveCfg = Debug|Any CPU
		{5B5CA291-C56F-43FA-9ACB-27AD025650C7}.Debug|iPhoneSimulator.Build.0 = Debug|Any CPU
		{5B5CA291-C56F-43FA-9ACB-27AD025650C7}.Debug|x64.ActiveCfg = Debug|Any CPU
		{5B5CA291-C56F-43FA-9ACB-27AD025650C7}.Debug|x64.Build.0 = Debug|Any CPU
		{5B5CA291-C56F-43FA-9ACB-27AD025650C7}.Debug|x86.ActiveCfg = Debug|Any CPU
		{5B5CA291-C56F-43FA-9ACB-27AD025650C7}.Debug|x86.Build.0 = Debug|Any CPU
		{5B5CA291-C56F-43FA-9ACB-27AD025650C7}.Release|Any CPU.ActiveCfg = Release|Any CPU
		{5B5CA291-C56F-43FA-9ACB-27AD025650C7}.Release|Any CPU.Build.0 = Release|Any CPU
		{5B5CA291-C56F-43FA-9ACB-27AD025650C7}.Release|ARM.ActiveCfg = Release|Any CPU
		{5B5CA291-C56F-43FA-9ACB-27AD025650C7}.Release|ARM.Build.0 = Release|Any CPU
		{5B5CA291-C56F-43FA-9ACB-27AD025650C7}.Release|iPhone.ActiveCfg = Release|Any CPU
		{5B5CA291-C56F-43FA-9ACB-27AD025650C7}.Release|iPhone.Build.0 = Release|Any CPU
		{5B5CA291-C56F-43FA-9ACB-27AD025650C7}.Release|iPhoneSimulator.ActiveCfg = Release|Any CPU
		{5B5CA291-C56F-43FA-9ACB-27AD025650C7}.Release|iPhoneSimulator.Build.0 = Release|Any CPU
		{5B5CA291-C56F-43FA-9ACB-27AD025650C7}.Release|x64.ActiveCfg = Release|Any CPU
		{5B5CA291-C56F-43FA-9ACB-27AD025650C7}.Release|x64.Build.0 = Release|Any CPU
		{5B5CA291-C56F-43FA-9ACB-27AD025650C7}.Release|x86.ActiveCfg = Release|Any CPU
		{5B5CA291-C56F-43FA-9ACB-27AD025650C7}.Release|x86.Build.0 = Release|Any CPU
		{0BD9C6B9-CCAC-49C2-AB3F-58AF7468C324}.Ad-Hoc|Any CPU.ActiveCfg = Release|Any CPU
		{0BD9C6B9-CCAC-49C2-AB3F-58AF7468C324}.Ad-Hoc|Any CPU.Build.0 = Release|Any CPU
		{0BD9C6B9-CCAC-49C2-AB3F-58AF7468C324}.Ad-Hoc|Any CPU.Deploy.0 = Release|Any CPU
		{0BD9C6B9-CCAC-49C2-AB3F-58AF7468C324}.Ad-Hoc|ARM.ActiveCfg = Release|Any CPU
		{0BD9C6B9-CCAC-49C2-AB3F-58AF7468C324}.Ad-Hoc|ARM.Build.0 = Release|Any CPU
		{0BD9C6B9-CCAC-49C2-AB3F-58AF7468C324}.Ad-Hoc|ARM.Deploy.0 = Release|Any CPU
		{0BD9C6B9-CCAC-49C2-AB3F-58AF7468C324}.Ad-Hoc|iPhone.ActiveCfg = Release|Any CPU
		{0BD9C6B9-CCAC-49C2-AB3F-58AF7468C324}.Ad-Hoc|iPhone.Build.0 = Release|Any CPU
		{0BD9C6B9-CCAC-49C2-AB3F-58AF7468C324}.Ad-Hoc|iPhone.Deploy.0 = Release|Any CPU
		{0BD9C6B9-CCAC-49C2-AB3F-58AF7468C324}.Ad-Hoc|iPhoneSimulator.ActiveCfg = Release|Any CPU
		{0BD9C6B9-CCAC-49C2-AB3F-58AF7468C324}.Ad-Hoc|iPhoneSimulator.Build.0 = Release|Any CPU
		{0BD9C6B9-CCAC-49C2-AB3F-58AF7468C324}.Ad-Hoc|iPhoneSimulator.Deploy.0 = Release|Any CPU
		{0BD9C6B9-CCAC-49C2-AB3F-58AF7468C324}.Ad-Hoc|x64.ActiveCfg = Release|Any CPU
		{0BD9C6B9-CCAC-49C2-AB3F-58AF7468C324}.Ad-Hoc|x64.Build.0 = Release|Any CPU
		{0BD9C6B9-CCAC-49C2-AB3F-58AF7468C324}.Ad-Hoc|x64.Deploy.0 = Release|Any CPU
		{0BD9C6B9-CCAC-49C2-AB3F-58AF7468C324}.Ad-Hoc|x86.ActiveCfg = Release|Any CPU
		{0BD9C6B9-CCAC-49C2-AB3F-58AF7468C324}.Ad-Hoc|x86.Build.0 = Release|Any CPU
		{0BD9C6B9-CCAC-49C2-AB3F-58AF7468C324}.Ad-Hoc|x86.Deploy.0 = Release|Any CPU
		{0BD9C6B9-CCAC-49C2-AB3F-58AF7468C324}.AppStore|Any CPU.ActiveCfg = Release|Any CPU
		{0BD9C6B9-CCAC-49C2-AB3F-58AF7468C324}.AppStore|Any CPU.Build.0 = Release|Any CPU
		{0BD9C6B9-CCAC-49C2-AB3F-58AF7468C324}.AppStore|Any CPU.Deploy.0 = Release|Any CPU
		{0BD9C6B9-CCAC-49C2-AB3F-58AF7468C324}.AppStore|ARM.ActiveCfg = Release|Any CPU
		{0BD9C6B9-CCAC-49C2-AB3F-58AF7468C324}.AppStore|ARM.Build.0 = Release|Any CPU
		{0BD9C6B9-CCAC-49C2-AB3F-58AF7468C324}.AppStore|ARM.Deploy.0 = Release|Any CPU
		{0BD9C6B9-CCAC-49C2-AB3F-58AF7468C324}.AppStore|iPhone.ActiveCfg = Release|Any CPU
		{0BD9C6B9-CCAC-49C2-AB3F-58AF7468C324}.AppStore|iPhone.Build.0 = Release|Any CPU
		{0BD9C6B9-CCAC-49C2-AB3F-58AF7468C324}.AppStore|iPhone.Deploy.0 = Release|Any CPU
		{0BD9C6B9-CCAC-49C2-AB3F-58AF7468C324}.AppStore|iPhoneSimulator.ActiveCfg = Release|Any CPU
		{0BD9C6B9-CCAC-49C2-AB3F-58AF7468C324}.AppStore|iPhoneSimulator.Build.0 = Release|Any CPU
		{0BD9C6B9-CCAC-49C2-AB3F-58AF7468C324}.AppStore|iPhoneSimulator.Deploy.0 = Release|Any CPU
		{0BD9C6B9-CCAC-49C2-AB3F-58AF7468C324}.AppStore|x64.ActiveCfg = Release|Any CPU
		{0BD9C6B9-CCAC-49C2-AB3F-58AF7468C324}.AppStore|x64.Build.0 = Release|Any CPU
		{0BD9C6B9-CCAC-49C2-AB3F-58AF7468C324}.AppStore|x64.Deploy.0 = Release|Any CPU
		{0BD9C6B9-CCAC-49C2-AB3F-58AF7468C324}.AppStore|x86.ActiveCfg = Release|Any CPU
		{0BD9C6B9-CCAC-49C2-AB3F-58AF7468C324}.AppStore|x86.Build.0 = Release|Any CPU
		{0BD9C6B9-CCAC-49C2-AB3F-58AF7468C324}.AppStore|x86.Deploy.0 = Release|Any CPU
		{0BD9C6B9-CCAC-49C2-AB3F-58AF7468C324}.Debug|Any CPU.ActiveCfg = Debug|Any CPU
		{0BD9C6B9-CCAC-49C2-AB3F-58AF7468C324}.Debug|Any CPU.Build.0 = Debug|Any CPU
		{0BD9C6B9-CCAC-49C2-AB3F-58AF7468C324}.Debug|Any CPU.Deploy.0 = Debug|Any CPU
		{0BD9C6B9-CCAC-49C2-AB3F-58AF7468C324}.Debug|ARM.ActiveCfg = Debug|Any CPU
		{0BD9C6B9-CCAC-49C2-AB3F-58AF7468C324}.Debug|ARM.Build.0 = Debug|Any CPU
		{0BD9C6B9-CCAC-49C2-AB3F-58AF7468C324}.Debug|ARM.Deploy.0 = Debug|Any CPU
		{0BD9C6B9-CCAC-49C2-AB3F-58AF7468C324}.Debug|iPhone.ActiveCfg = Debug|Any CPU
		{0BD9C6B9-CCAC-49C2-AB3F-58AF7468C324}.Debug|iPhone.Build.0 = Debug|Any CPU
		{0BD9C6B9-CCAC-49C2-AB3F-58AF7468C324}.Debug|iPhone.Deploy.0 = Debug|Any CPU
		{0BD9C6B9-CCAC-49C2-AB3F-58AF7468C324}.Debug|iPhoneSimulator.ActiveCfg = Debug|Any CPU
		{0BD9C6B9-CCAC-49C2-AB3F-58AF7468C324}.Debug|iPhoneSimulator.Build.0 = Debug|Any CPU
		{0BD9C6B9-CCAC-49C2-AB3F-58AF7468C324}.Debug|iPhoneSimulator.Deploy.0 = Debug|Any CPU
		{0BD9C6B9-CCAC-49C2-AB3F-58AF7468C324}.Debug|x64.ActiveCfg = Debug|Any CPU
		{0BD9C6B9-CCAC-49C2-AB3F-58AF7468C324}.Debug|x64.Build.0 = Debug|Any CPU
		{0BD9C6B9-CCAC-49C2-AB3F-58AF7468C324}.Debug|x64.Deploy.0 = Debug|Any CPU
		{0BD9C6B9-CCAC-49C2-AB3F-58AF7468C324}.Debug|x86.ActiveCfg = Debug|Any CPU
		{0BD9C6B9-CCAC-49C2-AB3F-58AF7468C324}.Debug|x86.Build.0 = Debug|Any CPU
		{0BD9C6B9-CCAC-49C2-AB3F-58AF7468C324}.Debug|x86.Deploy.0 = Debug|Any CPU
		{0BD9C6B9-CCAC-49C2-AB3F-58AF7468C324}.Release|Any CPU.ActiveCfg = Release|Any CPU
		{0BD9C6B9-CCAC-49C2-AB3F-58AF7468C324}.Release|Any CPU.Build.0 = Release|Any CPU
		{0BD9C6B9-CCAC-49C2-AB3F-58AF7468C324}.Release|Any CPU.Deploy.0 = Release|Any CPU
		{0BD9C6B9-CCAC-49C2-AB3F-58AF7468C324}.Release|ARM.ActiveCfg = Release|Any CPU
		{0BD9C6B9-CCAC-49C2-AB3F-58AF7468C324}.Release|ARM.Build.0 = Release|Any CPU
		{0BD9C6B9-CCAC-49C2-AB3F-58AF7468C324}.Release|ARM.Deploy.0 = Release|Any CPU
		{0BD9C6B9-CCAC-49C2-AB3F-58AF7468C324}.Release|iPhone.ActiveCfg = Release|Any CPU
		{0BD9C6B9-CCAC-49C2-AB3F-58AF7468C324}.Release|iPhone.Build.0 = Release|Any CPU
		{0BD9C6B9-CCAC-49C2-AB3F-58AF7468C324}.Release|iPhone.Deploy.0 = Release|Any CPU
		{0BD9C6B9-CCAC-49C2-AB3F-58AF7468C324}.Release|iPhoneSimulator.ActiveCfg = Release|Any CPU
		{0BD9C6B9-CCAC-49C2-AB3F-58AF7468C324}.Release|iPhoneSimulator.Build.0 = Release|Any CPU
		{0BD9C6B9-CCAC-49C2-AB3F-58AF7468C324}.Release|iPhoneSimulator.Deploy.0 = Release|Any CPU
		{0BD9C6B9-CCAC-49C2-AB3F-58AF7468C324}.Release|x64.ActiveCfg = Release|Any CPU
		{0BD9C6B9-CCAC-49C2-AB3F-58AF7468C324}.Release|x64.Build.0 = Release|Any CPU
		{0BD9C6B9-CCAC-49C2-AB3F-58AF7468C324}.Release|x64.Deploy.0 = Release|Any CPU
		{0BD9C6B9-CCAC-49C2-AB3F-58AF7468C324}.Release|x86.ActiveCfg = Release|Any CPU
		{0BD9C6B9-CCAC-49C2-AB3F-58AF7468C324}.Release|x86.Build.0 = Release|Any CPU
		{0BD9C6B9-CCAC-49C2-AB3F-58AF7468C324}.Release|x86.Deploy.0 = Release|Any CPU
		{FBA6EE7A-E840-41D3-8EED-FA4D078DF8D8}.Ad-Hoc|Any CPU.ActiveCfg = Ad-Hoc|iPhone
		{FBA6EE7A-E840-41D3-8EED-FA4D078DF8D8}.Ad-Hoc|ARM.ActiveCfg = Ad-Hoc|iPhone
		{FBA6EE7A-E840-41D3-8EED-FA4D078DF8D8}.Ad-Hoc|iPhone.ActiveCfg = Ad-Hoc|iPhone
		{FBA6EE7A-E840-41D3-8EED-FA4D078DF8D8}.Ad-Hoc|iPhone.Build.0 = Ad-Hoc|iPhone
		{FBA6EE7A-E840-41D3-8EED-FA4D078DF8D8}.Ad-Hoc|iPhoneSimulator.ActiveCfg = Ad-Hoc|iPhoneSimulator
		{FBA6EE7A-E840-41D3-8EED-FA4D078DF8D8}.Ad-Hoc|iPhoneSimulator.Build.0 = Ad-Hoc|iPhoneSimulator
		{FBA6EE7A-E840-41D3-8EED-FA4D078DF8D8}.Ad-Hoc|x64.ActiveCfg = Ad-Hoc|iPhone
		{FBA6EE7A-E840-41D3-8EED-FA4D078DF8D8}.Ad-Hoc|x86.ActiveCfg = Ad-Hoc|iPhone
		{FBA6EE7A-E840-41D3-8EED-FA4D078DF8D8}.AppStore|Any CPU.ActiveCfg = AppStore|iPhone
		{FBA6EE7A-E840-41D3-8EED-FA4D078DF8D8}.AppStore|ARM.ActiveCfg = AppStore|iPhone
		{FBA6EE7A-E840-41D3-8EED-FA4D078DF8D8}.AppStore|iPhone.ActiveCfg = AppStore|iPhone
		{FBA6EE7A-E840-41D3-8EED-FA4D078DF8D8}.AppStore|iPhone.Build.0 = AppStore|iPhone
		{FBA6EE7A-E840-41D3-8EED-FA4D078DF8D8}.AppStore|iPhoneSimulator.ActiveCfg = AppStore|iPhoneSimulator
		{FBA6EE7A-E840-41D3-8EED-FA4D078DF8D8}.AppStore|iPhoneSimulator.Build.0 = AppStore|iPhoneSimulator
		{FBA6EE7A-E840-41D3-8EED-FA4D078DF8D8}.AppStore|x64.ActiveCfg = AppStore|iPhone
		{FBA6EE7A-E840-41D3-8EED-FA4D078DF8D8}.AppStore|x86.ActiveCfg = AppStore|iPhone
		{FBA6EE7A-E840-41D3-8EED-FA4D078DF8D8}.Debug|Any CPU.ActiveCfg = Debug|iPhone
		{FBA6EE7A-E840-41D3-8EED-FA4D078DF8D8}.Debug|ARM.ActiveCfg = Debug|iPhone
		{FBA6EE7A-E840-41D3-8EED-FA4D078DF8D8}.Debug|iPhone.ActiveCfg = Debug|iPhone
		{FBA6EE7A-E840-41D3-8EED-FA4D078DF8D8}.Debug|iPhone.Build.0 = Debug|iPhone
		{FBA6EE7A-E840-41D3-8EED-FA4D078DF8D8}.Debug|iPhoneSimulator.ActiveCfg = Debug|iPhoneSimulator
		{FBA6EE7A-E840-41D3-8EED-FA4D078DF8D8}.Debug|iPhoneSimulator.Build.0 = Debug|iPhoneSimulator
		{FBA6EE7A-E840-41D3-8EED-FA4D078DF8D8}.Debug|x64.ActiveCfg = Debug|iPhone
		{FBA6EE7A-E840-41D3-8EED-FA4D078DF8D8}.Debug|x86.ActiveCfg = Debug|iPhone
		{FBA6EE7A-E840-41D3-8EED-FA4D078DF8D8}.Release|Any CPU.ActiveCfg = Release|iPhone
		{FBA6EE7A-E840-41D3-8EED-FA4D078DF8D8}.Release|ARM.ActiveCfg = Release|iPhone
		{FBA6EE7A-E840-41D3-8EED-FA4D078DF8D8}.Release|iPhone.ActiveCfg = Release|iPhone
		{FBA6EE7A-E840-41D3-8EED-FA4D078DF8D8}.Release|iPhone.Build.0 = Release|iPhone
		{FBA6EE7A-E840-41D3-8EED-FA4D078DF8D8}.Release|iPhoneSimulator.ActiveCfg = Release|iPhoneSimulator
		{FBA6EE7A-E840-41D3-8EED-FA4D078DF8D8}.Release|iPhoneSimulator.Build.0 = Release|iPhoneSimulator
		{FBA6EE7A-E840-41D3-8EED-FA4D078DF8D8}.Release|x64.ActiveCfg = Release|iPhone
		{FBA6EE7A-E840-41D3-8EED-FA4D078DF8D8}.Release|x86.ActiveCfg = Release|iPhone
		{D0D11802-A552-4803-ACAE-872002F0A411}.Ad-Hoc|Any CPU.ActiveCfg = Release|x86
		{D0D11802-A552-4803-ACAE-872002F0A411}.Ad-Hoc|Any CPU.Build.0 = Release|x86
		{D0D11802-A552-4803-ACAE-872002F0A411}.Ad-Hoc|Any CPU.Deploy.0 = Release|x86
		{D0D11802-A552-4803-ACAE-872002F0A411}.Ad-Hoc|ARM.ActiveCfg = Release|ARM
		{D0D11802-A552-4803-ACAE-872002F0A411}.Ad-Hoc|ARM.Build.0 = Release|ARM
		{D0D11802-A552-4803-ACAE-872002F0A411}.Ad-Hoc|ARM.Deploy.0 = Release|ARM
		{D0D11802-A552-4803-ACAE-872002F0A411}.Ad-Hoc|iPhone.ActiveCfg = Release|x86
		{D0D11802-A552-4803-ACAE-872002F0A411}.Ad-Hoc|iPhone.Build.0 = Release|x86
		{D0D11802-A552-4803-ACAE-872002F0A411}.Ad-Hoc|iPhone.Deploy.0 = Release|x86
		{D0D11802-A552-4803-ACAE-872002F0A411}.Ad-Hoc|iPhoneSimulator.ActiveCfg = Release|x86
		{D0D11802-A552-4803-ACAE-872002F0A411}.Ad-Hoc|iPhoneSimulator.Build.0 = Release|x86
		{D0D11802-A552-4803-ACAE-872002F0A411}.Ad-Hoc|iPhoneSimulator.Deploy.0 = Release|x86
		{D0D11802-A552-4803-ACAE-872002F0A411}.Ad-Hoc|x64.ActiveCfg = Release|x64
		{D0D11802-A552-4803-ACAE-872002F0A411}.Ad-Hoc|x64.Build.0 = Release|x64
		{D0D11802-A552-4803-ACAE-872002F0A411}.Ad-Hoc|x64.Deploy.0 = Release|x64
		{D0D11802-A552-4803-ACAE-872002F0A411}.Ad-Hoc|x86.ActiveCfg = Release|x86
		{D0D11802-A552-4803-ACAE-872002F0A411}.Ad-Hoc|x86.Build.0 = Release|x86
		{D0D11802-A552-4803-ACAE-872002F0A411}.Ad-Hoc|x86.Deploy.0 = Release|x86
		{D0D11802-A552-4803-ACAE-872002F0A411}.AppStore|Any CPU.ActiveCfg = Release|x86
		{D0D11802-A552-4803-ACAE-872002F0A411}.AppStore|Any CPU.Build.0 = Release|x86
		{D0D11802-A552-4803-ACAE-872002F0A411}.AppStore|Any CPU.Deploy.0 = Release|x86
		{D0D11802-A552-4803-ACAE-872002F0A411}.AppStore|ARM.ActiveCfg = Release|ARM
		{D0D11802-A552-4803-ACAE-872002F0A411}.AppStore|ARM.Build.0 = Release|ARM
		{D0D11802-A552-4803-ACAE-872002F0A411}.AppStore|ARM.Deploy.0 = Release|ARM
		{D0D11802-A552-4803-ACAE-872002F0A411}.AppStore|iPhone.ActiveCfg = Release|x86
		{D0D11802-A552-4803-ACAE-872002F0A411}.AppStore|iPhone.Build.0 = Release|x86
		{D0D11802-A552-4803-ACAE-872002F0A411}.AppStore|iPhone.Deploy.0 = Release|x86
		{D0D11802-A552-4803-ACAE-872002F0A411}.AppStore|iPhoneSimulator.ActiveCfg = Release|x86
		{D0D11802-A552-4803-ACAE-872002F0A411}.AppStore|iPhoneSimulator.Build.0 = Release|x86
		{D0D11802-A552-4803-ACAE-872002F0A411}.AppStore|iPhoneSimulator.Deploy.0 = Release|x86
		{D0D11802-A552-4803-ACAE-872002F0A411}.AppStore|x64.ActiveCfg = Release|x64
		{D0D11802-A552-4803-ACAE-872002F0A411}.AppStore|x64.Build.0 = Release|x64
		{D0D11802-A552-4803-ACAE-872002F0A411}.AppStore|x64.Deploy.0 = Release|x64
		{D0D11802-A552-4803-ACAE-872002F0A411}.AppStore|x86.ActiveCfg = Release|x86
		{D0D11802-A552-4803-ACAE-872002F0A411}.AppStore|x86.Build.0 = Release|x86
		{D0D11802-A552-4803-ACAE-872002F0A411}.AppStore|x86.Deploy.0 = Release|x86
		{D0D11802-A552-4803-ACAE-872002F0A411}.Debug|Any CPU.ActiveCfg = Debug|x86
		{D0D11802-A552-4803-ACAE-872002F0A411}.Debug|ARM.ActiveCfg = Debug|ARM
		{D0D11802-A552-4803-ACAE-872002F0A411}.Debug|ARM.Build.0 = Debug|ARM
		{D0D11802-A552-4803-ACAE-872002F0A411}.Debug|ARM.Deploy.0 = Debug|ARM
		{D0D11802-A552-4803-ACAE-872002F0A411}.Debug|iPhone.ActiveCfg = Debug|x86
		{D0D11802-A552-4803-ACAE-872002F0A411}.Debug|iPhoneSimulator.ActiveCfg = Debug|x86
		{D0D11802-A552-4803-ACAE-872002F0A411}.Debug|x64.ActiveCfg = Debug|x64
		{D0D11802-A552-4803-ACAE-872002F0A411}.Debug|x64.Build.0 = Debug|x64
		{D0D11802-A552-4803-ACAE-872002F0A411}.Debug|x64.Deploy.0 = Debug|x64
		{D0D11802-A552-4803-ACAE-872002F0A411}.Debug|x86.ActiveCfg = Debug|x86
		{D0D11802-A552-4803-ACAE-872002F0A411}.Debug|x86.Build.0 = Debug|x86
		{D0D11802-A552-4803-ACAE-872002F0A411}.Debug|x86.Deploy.0 = Debug|x86
		{D0D11802-A552-4803-ACAE-872002F0A411}.Release|Any CPU.ActiveCfg = Release|x86
		{D0D11802-A552-4803-ACAE-872002F0A411}.Release|ARM.ActiveCfg = Release|ARM
		{D0D11802-A552-4803-ACAE-872002F0A411}.Release|ARM.Build.0 = Release|ARM
		{D0D11802-A552-4803-ACAE-872002F0A411}.Release|ARM.Deploy.0 = Release|ARM
		{D0D11802-A552-4803-ACAE-872002F0A411}.Release|iPhone.ActiveCfg = Release|x86
		{D0D11802-A552-4803-ACAE-872002F0A411}.Release|iPhoneSimulator.ActiveCfg = Release|x86
		{D0D11802-A552-4803-ACAE-872002F0A411}.Release|x64.ActiveCfg = Release|x64
		{D0D11802-A552-4803-ACAE-872002F0A411}.Release|x64.Build.0 = Release|x64
		{D0D11802-A552-4803-ACAE-872002F0A411}.Release|x64.Deploy.0 = Release|x64
		{D0D11802-A552-4803-ACAE-872002F0A411}.Release|x86.ActiveCfg = Release|x86
		{D0D11802-A552-4803-ACAE-872002F0A411}.Release|x86.Build.0 = Release|x86
		{D0D11802-A552-4803-ACAE-872002F0A411}.Release|x86.Deploy.0 = Release|x86
	EndGlobalSection
	GlobalSection(SolutionProperties) = preSolution
		HideSolutionNode = FALSE
	EndGlobalSection
	GlobalSection(ExtensibilityGlobals) = postSolution
		SolutionGuid = {83F04E75-6263-4CD3-8357-7C9BDF7F5C90}
	EndGlobalSection
EndGlobal
